
Microsoft Visual Studio Solution File, Format Version 12.00
# Visual Studio Version 16
VisualStudioVersion = 16.0.30907.101
MinimumVisualStudioVersion = 10.0.40219.1
Project("{FAE04EC0-301F-11D3-BF4B-00C04F79EFBC}") = "OpenAPIFunction", "OpenAPIFunction\OpenAPIFunction.csproj", "{7CD83FF2-9A4B-448F-B2AA-92C14FD5488C}"
EndProject
Global
	GlobalSection(SolutionConfigurationPlatforms) = preSolution
		Debug|Any CPU = Debug|Any CPU
		Release|Any CPU = Release|Any CPU
	EndGlobalSection
	GlobalSection(ProjectConfigurationPlatforms) = postSolution
		{7CD83FF2-9A4B-448F-B2AA-92C14FD5488C}.Debug|Any CPU.ActiveCfg = Debug|Any CPU
		{7CD83FF2-9A4B-448F-B2AA-92C14FD5488C}.Debug|Any CPU.Build.0 = Debug|Any CPU
		{7CD83FF2-9A4B-448F-B2AA-92C14FD5488C}.Release|Any CPU.ActiveCfg = Release|Any CPU
		{7CD83FF2-9A4B-448F-B2AA-92C14FD5488C}.Release|Any CPU.Build.0 = Release|Any CPU
	EndGlobalSection
	GlobalSection(SolutionProperties) = preSolution
		HideSolutionNode = FALSE
	EndGlobalSection
	GlobalSection(ExtensibilityGlobals) = postSolution
		SolutionGuid = {2CB5CE8B-67AA-480E-9686-D64F639CC8FF}
	EndGlobalSection
EndGlobal
